version = 1
revision = 3
requires-python = ">=3.12"

[manifest]
members = [
    "pvsk-gaia",
    "pvsk-gaia-repo",
    "pvsk2009-gaia",
    "pvsk2012-1-gaia",
    "pvsk2012-2-gaia",
    "pvsk2013-gaia",
    "pvsk2014-gaia",
    "pvsk2015-gaia",
    "pvsk2017-gaia",
    "pvskc5ee03874j-gaia",
    "pvsknature12509-gaia",
    "pvsks41467-024-46016-1-gaia",
    "pvsks41560-023-01254-3-gaia",
    "pvsks41560-024-01667-8-gaia",
    "pvsks41586-021-03406-5-gaia",
    "pvsks41586-021-04372-8-gaia",
    "pvsks41586-023-06278-z-gaia",
    "pvsks41586-024-07997-7-gaia",
    "pvsks41586-025-09333-z-gaia",
    "pvsks41586-025-09773-7-gaia",
    "pvskscience-aay7044-gaia",
    "pvskscience-abm5784-gaia",
    "pvskscience-abn5679-gaia",
    "pvskscience-adk1633-gaia",
]

[[package]]
name = "pvsk-gaia"
version = "0.1.0"
source = { editable = "pvsk-gaia" }
dependencies = [
    { name = "pvsk2009-gaia" },
    { name = "pvsk2012-1-gaia" },
]

[package.metadata]
requires-dist = [
    { name = "pvsk2009-gaia", editable = "packages/pvsk2009-gaia" },
    { name = "pvsk2012-1-gaia", editable = "packages/pvsk2012.1-gaia" },
]

[[package]]
name = "pvsk-gaia-repo"
version = "0.1.0"
source = { virtual = "." }

[[package]]
name = "pvsk2009-gaia"
version = "0.1.0"
source = { editable = "packages/pvsk2009-gaia" }

[[package]]
name = "pvsk2012-1-gaia"
version = "0.1.0"
source = { editable = "packages/pvsk2012.1-gaia" }

[[package]]
name = "pvsk2012-2-gaia"
version = "0.1.0"
source = { editable = "packages/pvsk2012.2-gaia" }

[[package]]
name = "pvsk2013-gaia"
version = "0.1.0"
source = { editable = "packages/pvsk2013-gaia" }

[[package]]
name = "pvsk2014-gaia"
version = "0.1.0"
source = { editable = "packages/pvsk2014-gaia" }

[[package]]
name = "pvsk2015-gaia"
version = "0.1.0"
source = { editable = "packages/pvsk2015-gaia" }

[[package]]
name = "pvsk2017-gaia"
version = "0.1.0"
source = { editable = "packages/pvsk2017-gaia" }

[[package]]
name = "pvskc5ee03874j-gaia"
version = "0.1.0"
source = { editable = "packages/pvskc5ee03874j-gaia" }

[[package]]
name = "pvsknature12509-gaia"
version = "0.1.0"
source = { editable = "packages/pvsknature12509-gaia" }

[[package]]
name = "pvsks41467-024-46016-1-gaia"
version = "0.1.0"
source = { editable = "packages/pvsks41467-024-46016-1-gaia" }

[[package]]
name = "pvsks41560-023-01254-3-gaia"
version = "0.1.0"
source = { editable = "packages/pvsks41560-023-01254-3-gaia" }

[[package]]
name = "pvsks41560-024-01667-8-gaia"
version = "0.1.0"
source = { editable = "packages/pvsks41560-024-01667-8-gaia" }

[[package]]
name = "pvsks41586-021-03406-5-gaia"
version = "0.1.0"
source = { editable = "packages/pvsks41586-021-03406-5-gaia" }

[[package]]
name = "pvsks41586-021-04372-8-gaia"
version = "0.1.0"
source = { editable = "packages/pvsks41586-021-04372-8-gaia" }

[[package]]
name = "pvsks41586-023-06278-z-gaia"
version = "0.1.0"
source = { editable = "packages/pvsks41586-023-06278-z-gaia" }

[[package]]
name = "pvsks41586-024-07997-7-gaia"
version = "0.1.0"
source = { editable = "packages/pvsks41586-024-07997-7-gaia" }

[[package]]
name = "pvsks41586-025-09333-z-gaia"
version = "0.1.0"
source = { editable = "packages/pvsks41586-025-09333-z-gaia" }

[[package]]
name = "pvsks41586-025-09773-7-gaia"
version = "0.1.0"
source = { editable = "packages/pvsks41586-025-09773-7-gaia" }

[[package]]
name = "pvskscience-aay7044-gaia"
version = "0.1.0"
source = { editable = "packages/pvskscience.aay7044-gaia" }

[[package]]
name = "pvskscience-abm5784-gaia"
version = "0.1.0"
source = { editable = "packages/pvskscience.abm5784-gaia" }

[[package]]
name = "pvskscience-abn5679-gaia"
version = "0.1.0"
source = { editable = "packages/pvskscience.abn5679-gaia" }

[[package]]
name = "pvskscience-adk1633-gaia"
version = "0.1.0"
source = { editable = "packages/pvskscience.adk1633-gaia" }
